
Microsoft Visual Studio Solution File, Format Version 12.00
# Visual Studio Version 16
VisualStudioVersion = 16.0.31410.357
MinimumVisualStudioVersion = 10.0.40219.1
Project("{FAE04EC0-301F-11D3-BF4B-00C04F79EFBC}") = "Proyecto-POO", "Proyecto-POO\Proyecto-POO.csproj", "{BD5006B3-53CA-4284-9D87-706A52B4DD63}"
EndProject
Global
	GlobalSection(SolutionConfigurationPlatforms) = preSolution
		Debug|Any CPU = Debug|Any CPU
		Release|Any CPU = Release|Any CPU
	EndGlobalSection
	GlobalSection(ProjectConfigurationPlatforms) = postSolution
		{BD5006B3-53CA-4284-9D87-706A52B4DD63}.Debug|Any CPU.ActiveCfg = Debug|Any CPU
		{BD5006B3-53CA-4284-9D87-706A52B4DD63}.Debug|Any CPU.Build.0 = Debug|Any CPU
		{BD5006B3-53CA-4284-9D87-706A52B4DD63}.Release|Any CPU.ActiveCfg = Release|Any CPU
		{BD5006B3-53CA-4284-9D87-706A52B4DD63}.Release|Any CPU.Build.0 = Release|Any CPU
	EndGlobalSection
	GlobalSection(SolutionProperties) = preSolution
		HideSolutionNode = FALSE
	EndGlobalSection
	GlobalSection(ExtensibilityGlobals) = postSolution
		SolutionGuid = {24D86124-A66A-4BE8-8D78-B96BE1EA52CC}
	EndGlobalSection
EndGlobal
